// !$*UTF8*$!
{
	archiveVersion = 1;
	classes = {
	};
	objectVersion = 77;
	objects = {

/* Begin PBXContainerItemProxy section */
		7226B7552DC61F4400A85333 /* PBXContainerItemProxy */ = {
			isa = PBXContainerItemProxy;
			containerPortal = 7226B73C2DC61F4300A85333 /* Project object */;
			proxyType = 1;
			remoteGlobalIDString = 7226B7432DC61F4300A85333;
			remoteInfo = Klincong1;
		};
		7226B75F2DC61F4400A85333 /* PBXContainerItemProxy */ = {
			isa = PBXContainerItemProxy;
			containerPortal = 7226B73C2DC61F4300A85333 /* Project object */;
			proxyType = 1;
			remoteGlobalIDString = 7226B7432DC61F4300A85333;
			remoteInfo = Klincong1;
		};
/* End PBXContainerItemProxy section */

/* Begin PBXFileReference section */
		7226B7442DC61F4300A85333 /* Klincong1.app */ = {isa = PBXFileReference; explicitFileType = wrapper.application; includeInIndex = 0; path = Klincong1.app; sourceTree = BUILT_PRODUCTS_DIR; };
		7226B7542DC61F4400A85333 /* Klincong1Tests.xctest */ = {isa = PBXFileReference; explicitFileType = wrapper.cfbundle; includeInIndex = 0; path = Klincong1Tests.xctest; sourceTree = BUILT_PRODUCTS_DIR; };
		7226B75E2DC61F4400A85333 /* Klincong1UITests.xctest */ = {isa = PBXFileReference; explicitFileType = wrapper.cfbundle; includeInIndex = 0; path = Klincong1UITests.xctest; sourceTree = BUILT_PRODUCTS_DIR; };
/* End PBXFileReference section */

/* Begin PBXFileSystemSynchronizedRootGroup section */
		7226B7462DC61F4300A85333 /* Klincong1 */ = {
			isa = PBXFileSystemSynchronizedRootGroup;
			path = Klincong1;
			sourceTree = "<group>";
		};
		7226B7572DC61F4400A85333 /* Klincong1Tests */ = {
			isa = PBXFileSystemSynchronizedRootGroup;
			path = Klincong1Tests;
			sourceTree = "<group>";
		};
		7226B7612DC61F4400A85333 /* Klincong1UITests */ = {
			isa = PBXFileSystemSynchronizedRootGroup;
			path = Klincong1UITests;
			sourceTree = "<group>";
		};
/* End PBXFileSystemSynchronizedRootGroup section */

/* Begin PBXFrameworksBuildPhase section */
		7226B7412DC61F4300A85333 /* Frameworks */ = {
			isa = PBXFrameworksBuildPhase;
			buildActionMask = 2147483647;
			files = (
			);
			runOnlyForDeploymentPostprocessing = 0;
		};
		7226B7512DC61F4400A85333 /* Frameworks */ = {
			isa = PBXFrameworksBuildPhase;
			buildActionMask = 2147483647;
			files = (
			);
			runOnlyForDeploymentPostprocessing = 0;
		};
		7226B75B2DC61F4400A85333 /* Frameworks */ = {
			isa = PBXFrameworksBuildPhase;
			buildActionMask = 2147483647;
			files = (
			);
			runOnlyForDeploymentPostprocessing = 0;
		};
/* End PBXFrameworksBuildPhase section */

/* Begin PBXGroup section */
		7226B73B2DC61F4300A85333 = {
			isa = PBXGroup;
			children = (
				7226B7462DC61F4300A85333 /* Klincong1 */,
				7226B7572DC61F4400A85333 /* Klincong1Tests */,
				7226B7612DC61F4400A85333 /* Klincong1UITests */,
				7226B7452DC61F4300A85333 /* Products */,
			);
			sourceTree = "<group>";
		};
		7226B7452DC61F4300A85333 /* Products */ = {
			isa = PBXGroup;
			children = (
				7226B7442DC61F4300A85333 /* Klincong1.app */,
				7226B7542DC61F4400A85333 /* Klincong1Tests.xctest */,
				7226B75E2DC61F4400A85333 /* Klincong1UITests.xctest */,
			);
			name = Products;
			sourceTree = "<group>";
		};
/* End PBXGroup section */

/* Begin PBXNativeTarget section */
		7226B7432DC61F4300A85333 /* Klincong1 */ = {
			isa = PBXNativeTarget;
			buildConfigurationList = 7226B7682DC61F4400A85333 /* Build configuration list for PBXNativeTarget "Klincong1" */;
			buildPhases = (
				7226B7402DC61F4300A85333 /* Sources */,
				7226B7412DC61F4300A85333 /* Frameworks */,
				7226B7422DC61F4300A85333 /* Resources */,
			);
			buildRules = (
			);
			dependencies = (
			);
			fileSystemSynchronizedGroups = (
				7226B7462DC61F4300A85333 /* Klincong1 */,
			);
			name = Klincong1;
			packageProductDependencies = (
			);
			productName = Klincong1;
			productReference = 7226B7442DC61F4300A85333 /* Klincong1.app */;
			productType = "com.apple.product-type.application";
		};
		7226B7532DC61F4400A85333 /* Klincong1Tests */ = {
			isa = PBXNativeTarget;
			buildConfigurationList = 7226B76B2DC61F4400A85333 /* Build configuration list for PBXNativeTarget "Klincong1Tests" */;
			buildPhases = (
				7226B7502DC61F4400A85333 /* Sources */,
				7226B7512DC61F4400A85333 /* Frameworks */,
				7226B7522DC61F4400A85333 /* Resources */,
			);
			buildRules = (
			);
			dependencies = (
				7226B7562DC61F4400A85333 /* PBXTargetDependency */,
			);
			fileSystemSynchronizedGroups = (
				7226B7572DC61F4400A85333 /* Klincong1Tests */,
			);
			name = Klincong1Tests;
			packageProductDependencies = (
			);
			productName = Klincong1Tests;
			productReference = 7226B7542DC61F4400A85333 /* Klincong1Tests.xctest */;
			productType = "com.apple.product-type.bundle.unit-test";
		};
		7226B75D2DC61F4400A85333 /* Klincong1UITests */ = {
			isa = PBXNativeTarget;
			buildConfigurationList = 7226B76E2DC61F4400A85333 /* Build configuration list for PBXNativeTarget "Klincong1UITests" */;
			buildPhases = (
				7226B75A2DC61F4400A85333 /* Sources */,
				7226B75B2DC61F4400A85333 /* Frameworks */,
				7226B75C2DC61F4400A85333 /* Resources */,
			);
			buildRules = (
			);
			dependencies = (
				7226B7602DC61F4400A85333 /* PBXTargetDependency */,
			);
			fileSystemSynchronizedGroups = (
				7226B7612DC61F4400A85333 /* Klincong1UITests */,
			);
			name = Klincong1UITests;
			packageProductDependencies = (
			);
			productName = Klincong1UITests;
			productReference = 7226B75E2DC61F4400A85333 /* Klincong1UITests.xctest */;
			productType = "com.apple.product-type.bundle.ui-testing";
		};
/* End PBXNativeTarget section */

/* Begin PBXProject section */
		7226B73C2DC61F4300A85333 /* Project object */ = {
			isa = PBXProject;
			attributes = {
				BuildIndependentTargetsInParallel = 1;
				LastSwiftUpdateCheck = 1620;
				LastUpgradeCheck = 1620;
				TargetAttributes = {
					7226B7432DC61F4300A85333 = {
						CreatedOnToolsVersion = 16.2;
					};
					7226B7532DC61F4400A85333 = {
						CreatedOnToolsVersion = 16.2;
						TestTargetID = 7226B7432DC61F4300A85333;
					};
					7226B75D2DC61F4400A85333 = {
						CreatedOnToolsVersion = 16.2;
						TestTargetID = 7226B7432DC61F4300A85333;
					};
				};
			};
			buildConfigurationList = 7226B73F2DC61F4300A85333 /* Build configuration list for PBXProject "Klincong1" */;
			developmentRegion = en;
			hasScannedForEncodings = 0;
			knownRegions = (
				en,
				Base,
			);
			mainGroup = 7226B73B2DC61F4300A85333;
			minimizedProjectReferenceProxies = 1;
			preferredProjectObjectVersion = 77;
			productRefGroup = 7226B7452DC61F4300A85333 /* Products */;
			projectDirPath = "";
			projectRoot = "";
			targets = (
				7226B7432DC61F4300A85333 /* Klincong1 */,
				7226B7532DC61F4400A85333 /* Klincong1Tests */,
				7226B75D2DC61F4400A85333 /* Klincong1UITests */,
			);
		};
/* End PBXProject section */

/* Begin PBXResourcesBuildPhase section */
		7226B7422DC61F4300A85333 /* Resources */ = {
			isa = PBXResourcesBuildPhase;
			buildActionMask = 2147483647;
			files = (
			);
			runOnlyForDeploymentPostprocessing = 0;
		};
		7226B7522DC61F4400A85333 /* Resources */ = {
			isa = PBXResourcesBuildPhase;
			buildActionMask = 2147483647;
			files = (
			);
			runOnlyForDeploymentPostprocessing = 0;
		};
		7226B75C2DC61F4400A85333 /* Resources */ = {
			isa = PBXResourcesBuildPhase;
			buildActionMask = 2147483647;
			files = (
			);
			runOnlyForDeploymentPostprocessing = 0;
		};
/* End PBXResourcesBuildPhase section */

/* Begin PBXSourcesBuildPhase section */
		7226B7402DC61F4300A85333 /* Sources */ = {
			isa = PBXSourcesBuildPhase;
			buildActionMask = 2147483647;
			files = (
			);
			runOnlyForDeploymentPostprocessing = 0;
		};
		7226B7502DC61F4400A85333 /* Sources */ = {
			isa = PBXSourcesBuildPhase;
			buildActionMask = 2147483647;
			files = (
			);
			runOnlyForDeploymentPostprocessing = 0;
		};
		7226B75A2DC61F4400A85333 /* Sources */ = {
			isa = PBXSourcesBuildPhase;
			buildActionMask = 2147483647;
			files = (
			);
			runOnlyForDeploymentPostprocessing = 0;
		};
/* End PBXSourcesBuildPhase section */

/* Begin PBXTargetDependency section */
		7226B7562DC61F4400A85333 /* PBXTargetDependency */ = {
			isa = PBXTargetDependency;
			target = 7226B7432DC61F4300A85333 /* Klincong1 */;
			targetProxy = 7226B7552DC61F4400A85333 /* PBXContainerItemProxy */;
		};
		7226B7602DC61F4400A85333 /* PBXTargetDependency */ = {
			isa = PBXTargetDependency;
			target = 7226B7432DC61F4300A85333 /* Klincong1 */;
			targetProxy = 7226B75F2DC61F4400A85333 /* PBXContainerItemProxy */;
		};
/* End PBXTargetDependency section */

/* Begin XCBuildConfiguration section */
		7226B7662DC61F4400A85333 /* Debug */ = {
			isa = XCBuildConfiguration;
			buildSettings = {
				ALWAYS_SEARCH_USER_PATHS = NO;
				ASSETCATALOG_COMPILER_GENERATE_SWIFT_ASSET_SYMBOL_EXTENSIONS = YES;
				CLANG_ANALYZER_NONNULL = YES;
				CLANG_ANALYZER_NUMBER_OBJECT_CONVERSION = YES_AGGRESSIVE;
				CLANG_CXX_LANGUAGE_STANDARD = "gnu++20";
				CLANG_ENABLE_MODULES = YES;
				CLANG_ENABLE_OBJC_ARC = YES;
				CLANG_ENABLE_OBJC_WEAK = YES;
				CLANG_WARN_BLOCK_CAPTURE_AUTORELEASING = YES;
				CLANG_WARN_BOOL_CONVERSION = YES;
				CLANG_WARN_COMMA = YES;
				CLANG_WARN_CONSTANT_CONVERSION = YES;
				CLANG_WARN_DEPRECATED_OBJC_IMPLEMENTATIONS = YES;
				CLANG_WARN_DIRECT_OBJC_ISA_USAGE = YES_ERROR;
				CLANG_WARN_DOCUMENTATION_COMMENTS = YES;
				CLANG_WARN_EMPTY_BODY = YES;
				CLANG_WARN_ENUM_CONVERSION = YES;
				CLANG_WARN_INFINITE_RECURSION = YES;
				CLANG_WARN_INT_CONVERSION = YES;
				CLANG_WARN_NON_LITERAL_NULL_CONVERSION = YES;
				CLANG_WARN_OBJC_IMPLICIT_RETAIN_SELF = YES;
				CLANG_WARN_OBJC_LITERAL_CONVERSION = YES;
				CLANG_WARN_OBJC_ROOT_CLASS = YES_ERROR;
				CLANG_WARN_QUOTED_INCLUDE_IN_FRAMEWORK_HEADER = YES;
				CLANG_WARN_RANGE_LOOP_ANALYSIS = YES;
				CLANG_WARN_STRICT_PROTOTYPES = YES;
				CLANG_WARN_SUSPICIOUS_MOVE = YES;
				CLANG_WARN_UNGUARDED_AVAILABILITY = YES_AGGRESSIVE;
				CLANG_WARN_UNREACHABLE_CODE = YES;
				CLANG_WARN__DUPLICATE_METHOD_MATCH = YES;
				COPY_PHASE_STRIP = NO;
				DEBUG_INFORMATION_FORMAT = dwarf;
				ENABLE_STRICT_OBJC_MSGSEND = YES;
				ENABLE_TESTABILITY = YES;
				ENABLE_USER_SCRIPT_SANDBOXING = YES;
				GCC_C_LANGUAGE_STANDARD = gnu17;
				GCC_DYNAMIC_NO_PIC = NO;
				GCC_NO_COMMON_BLOCKS = YES;
				GCC_OPTIMIZATION_LEVEL = 0;
				GCC_PREPROCESSOR_DEFINITIONS = (
					"DEBUG=1",
					"$(inherited)",
				);
				GCC_WARN_64_TO_32_BIT_CONVERSION = YES;
				GCC_WARN_ABOUT_RETURN_TYPE = YES_ERROR;
				GCC_WARN_UNDECLARED_SELECTOR = YES;
				GCC_WARN_UNINITIALIZED_AUTOS = YES_AGGRESSIVE;
				GCC_WARN_UNUSED_FUNCTION = YES;
				GCC_WARN_UNUSED_VARIABLE = YES;
				IPHONEOS_DEPLOYMENT_TARGET = 18.2;
				LOCALIZATION_PREFERS_STRING_CATALOGS = YES;
				MTL_ENABLE_DEBUG_INFO = INCLUDE_SOURCE;
				MTL_FAST_MATH = YES;
				ONLY_ACTIVE_ARCH = YES;
				SDKROOT = iphoneos;
				SWIFT_ACTIVE_COMPILATION_CONDITIONS = "DEBUG $(inherited)";
				SWIFT_OPTIMIZATION_LEVEL = "-Onone";
			};
			name = Debug;
		};
		7226B7672DC61F4400A85333 /* Release */ = {
			isa = XCBuildConfiguration;
			buildSettings = {
				ALWAYS_SEARCH_USER_PATHS = NO;
				ASSETCATALOG_COMPILER_GENERATE_SWIFT_ASSET_SYMBOL_EXTENSIONS = YES;
				CLANG_ANALYZER_NONNULL = YES;
				CLANG_ANALYZER_NUMBER_OBJECT_CONVERSION = YES_AGGRESSIVE;
				CLANG_CXX_LANGUAGE_STANDARD = "gnu++20";
				CLANG_ENABLE_MODULES = YES;
				CLANG_ENABLE_OBJC_ARC = YES;
				CLANG_ENABLE_OBJC_WEAK = YES;
				CLANG_WARN_BLOCK_CAPTURE_AUTORELEASING = YES;
				CLANG_WARN_BOOL_CONVERSION = YES;
				CLANG_WARN_COMMA = YES;
				CLANG_WARN_CONSTANT_CONVERSION = YES;
				CLANG_WARN_DEPRECATED_OBJC_IMPLEMENTATIONS = YES;
				CLANG_WARN_DIRECT_OBJC_ISA_USAGE = YES_ERROR;
				CLANG_WARN_DOCUMENTATION_COMMENTS = YES;
				CLANG_WARN_EMPTY_BODY = YES;
				CLANG_WARN_ENUM_CONVERSION = YES;
				CLANG_WARN_INFINITE_RECURSION = YES;
				CLANG_WARN_INT_CONVERSION = YES;
				CLANG_WARN_NON_LITERAL_NULL_CONVERSION = YES;
				CLANG_WARN_OBJC_IMPLICIT_RETAIN_SELF = YES;
				CLANG_WARN_OBJC_LITERAL_CONVERSION = YES;
				CLANG_WARN_OBJC_ROOT_CLASS = YES_ERROR;
				CLANG_WARN_QUOTED_INCLUDE_IN_FRAMEWORK_HEADER = YES;
				CLANG_WARN_RANGE_LOOP_ANALYSIS = YES;
				CLANG_WARN_STRICT_PROTOTYPES = YES;
				CLANG_WARN_SUSPICIOUS_MOVE = YES;
				CLANG_WARN_UNGUARDED_AVAILABILITY = YES_AGGRESSIVE;
				CLANG_WARN_UNREACHABLE_CODE = YES;
				CLANG_WARN__DUPLICATE_METHOD_MATCH = YES;
				COPY_PHASE_STRIP = NO;
				DEBUG_INFORMATION_FORMAT = "dwarf-with-dsym";
				ENABLE_NS_ASSERTIONS = NO;
				ENABLE_STRICT_OBJC_MSGSEND = YES;
				ENABLE_USER_SCRIPT_SANDBOXING = YES;
				GCC_C_LANGUAGE_STANDARD = gnu17;
				GCC_NO_COMMON_BLOCKS = YES;
				GCC_WARN_64_TO_32_BIT_CONVERSION = YES;
				GCC_WARN_ABOUT_RETURN_TYPE = YES_ERROR;
				GCC_WARN_UNDECLARED_SELECTOR = YES;
				GCC_WARN_UNINITIALIZED_AUTOS = YES_AGGRESSIVE;
				GCC_WARN_UNUSED_FUNCTION = YES;
				GCC_WARN_UNUSED_VARIABLE = YES;
				IPHONEOS_DEPLOYMENT_TARGET = 18.2;
				LOCALIZATION_PREFERS_STRING_CATALOGS = YES;
				MTL_ENABLE_DEBUG_INFO = NO;
				MTL_FAST_MATH = YES;
				SDKROOT = iphoneos;
				SWIFT_COMPILATION_MODE = wholemodule;
				VALIDATE_PRODUCT = YES;
			};
			name = Release;
		};
		7226B7692DC61F4400A85333 /* Debug */ = {
			isa = XCBuildConfiguration;
			buildSettings = {
				ASSETCATALOG_COMPILER_APPICON_NAME = AppIcon;
				ASSETCATALOG_COMPILER_GLOBAL_ACCENT_COLOR_NAME = AccentColor;
				CODE_SIGN_STYLE = Automatic;
				CURRENT_PROJECT_VERSION = 1;
				DEVELOPMENT_ASSET_PATHS = "\"Klincong1/Preview Content\"";
				DEVELOPMENT_TEAM = QW8PFJL6C3;
				ENABLE_PREVIEWS = YES;
				GENERATE_INFOPLIST_FILE = YES;
				INFOPLIST_KEY_NSCameraUsageDescription = "Allow the accses to detect your messy room";
				INFOPLIST_KEY_UIApplicationSceneManifest_Generation = YES;
				INFOPLIST_KEY_UIApplicationSupportsIndirectInputEvents = YES;
				INFOPLIST_KEY_UILaunchScreen_Generation = YES;
				INFOPLIST_KEY_UISupportedInterfaceOrientations_iPad = "UIInterfaceOrientationPortrait UIInterfaceOrientationPortraitUpsideDown UIInterfaceOrientationLandscapeLeft UIInterfaceOrientationLandscapeRight";
				INFOPLIST_KEY_UISupportedInterfaceOrientations_iPhone = "UIInterfaceOrientationPortrait UIInterfaceOrientationLandscapeLeft UIInterfaceOrientationLandscapeRight";
				LD_RUNPATH_SEARCH_PATHS = (
					"$(inherited)",
					"@executable_path/Frameworks",
				);
				MARKETING_VERSION = 1.0;
				PRODUCT_BUNDLE_IDENTIFIER = "Infinite-Learning-Apple-Developer-Academy.Klincong1";
				PRODUCT_NAME = "$(TARGET_NAME)";
				SWIFT_EMIT_LOC_STRINGS = YES;
				SWIFT_VERSION = 5.0;
				TARGETED_DEVICE_FAMILY = "1,2";
			};
			name = Debug;
		};
		7226B76A2DC61F4400A85333 /* Release */ = {
			isa = XCBuildConfiguration;
			buildSettings = {
				ASSETCATALOG_COMPILER_APPICON_NAME = AppIcon;
				ASSETCATALOG_COMPILER_GLOBAL_ACCENT_COLOR_NAME = AccentColor;
				CODE_SIGN_STYLE = Automatic;
				CURRENT_PROJECT_VERSION = 1;
				DEVELOPMENT_ASSET_PATHS = "\"Klincong1/Preview Content\"";
				DEVELOPMENT_TEAM = QW8PFJL6C3;
				ENABLE_PREVIEWS = YES;
				GENERATE_INFOPLIST_FILE = YES;
				INFOPLIST_KEY_NSCameraUsageDescription = "Allow the accses to detect your messy room";
				INFOPLIST_KEY_UIApplicationSceneManifest_Generation = YES;
				INFOPLIST_KEY_UIApplicationSupportsIndirectInputEvents = YES;
				INFOPLIST_KEY_UILaunchScreen_Generation = YES;
				INFOPLIST_KEY_UISupportedInterfaceOrientations_iPad = "UIInterfaceOrientationPortrait UIInterfaceOrientationPortraitUpsideDown UIInterfaceOrientationLandscapeLeft UIInterfaceOrientationLandscapeRight";
				INFOPLIST_KEY_UISupportedInterfaceOrientations_iPhone = "UIInterfaceOrientationPortrait UIInterfaceOrientationLandscapeLeft UIInterfaceOrientationLandscapeRight";
				LD_RUNPATH_SEARCH_PATHS = (
					"$(inherited)",
					"@executable_path/Frameworks",
				);
				MARKETING_VERSION = 1.0;
				PRODUCT_BUNDLE_IDENTIFIER = "Infinite-Learning-Apple-Developer-Academy.Klincong1";
				PRODUCT_NAME = "$(TARGET_NAME)";
				SWIFT_EMIT_LOC_STRINGS = YES;
				SWIFT_VERSION = 5.0;
				TARGETED_DEVICE_FAMILY = "1,2";
			};
			name = Release;
		};
		7226B76C2DC61F4400A85333 /* Debug */ = {
			isa = XCBuildConfiguration;
			buildSettings = {
				BUNDLE_LOADER = "$(TEST_HOST)";
				CODE_SIGN_STYLE = Automatic;
				CURRENT_PROJECT_VERSION = 1;
				GENERATE_INFOPLIST_FILE = YES;
				IPHONEOS_DEPLOYMENT_TARGET = 18.2;
				MARKETING_VERSION = 1.0;
				PRODUCT_BUNDLE_IDENTIFIER = "Infinite-Learning-Apple-Developer-Academy.Klincong1Tests";
				PRODUCT_NAME = "$(TARGET_NAME)";
				SWIFT_EMIT_LOC_STRINGS = NO;
				SWIFT_VERSION = 5.0;
				TARGETED_DEVICE_FAMILY = "1,2";
				TEST_HOST = "$(BUILT_PRODUCTS_DIR)/Klincong1.app/$(BUNDLE_EXECUTABLE_FOLDER_PATH)/Klincong1";
			};
			name = Debug;
		};
		7226B76D2DC61F4400A85333 /* Release */ = {
			isa = XCBuildConfiguration;
			buildSettings = {
				BUNDLE_LOADER = "$(TEST_HOST)";
				CODE_SIGN_STYLE = Automatic;
				CURRENT_PROJECT_VERSION = 1;
				GENERATE_INFOPLIST_FILE = YES;
				IPHONEOS_DEPLOYMENT_TARGET = 18.2;
				MARKETING_VERSION = 1.0;
				PRODUCT_BUNDLE_IDENTIFIER = "Infinite-Learning-Apple-Developer-Academy.Klincong1Tests";
				PRODUCT_NAME = "$(TARGET_NAME)";
				SWIFT_EMIT_LOC_STRINGS = NO;
				SWIFT_VERSION = 5.0;
				TARGETED_DEVICE_FAMILY = "1,2";
				TEST_HOST = "$(BUILT_PRODUCTS_DIR)/Klincong1.app/$(BUNDLE_EXECUTABLE_FOLDER_PATH)/Klincong1";
			};
			name = Release;
		};
		7226B76F2DC61F4400A85333 /* Debug */ = {
			isa = XCBuildConfiguration;
			buildSettings = {
				CODE_SIGN_STYLE = Automatic;
				CURRENT_PROJECT_VERSION = 1;
				GENERATE_INFOPLIST_FILE = YES;
				MARKETING_VERSION = 1.0;
				PRODUCT_BUNDLE_IDENTIFIER = "Infinite-Learning-Apple-Developer-Academy.Klincong1UITests";
				PRODUCT_NAME = "$(TARGET_NAME)";
				SWIFT_EMIT_LOC_STRINGS = NO;
				SWIFT_VERSION = 5.0;
				TARGETED_DEVICE_FAMILY = "1,2";
				TEST_TARGET_NAME = Klincong1;
			};
			name = Debug;
		};
		7226B7702DC61F4400A85333 /* Release */ = {
			isa = XCBuildConfiguration;
			buildSettings = {
				CODE_SIGN_STYLE = Automatic;
				CURRENT_PROJECT_VERSION = 1;
				GENERATE_INFOPLIST_FILE = YES;
				MARKETING_VERSION = 1.0;
				PRODUCT_BUNDLE_IDENTIFIER = "Infinite-Learning-Apple-Developer-Academy.Klincong1UITests";
				PRODUCT_NAME = "$(TARGET_NAME)";
				SWIFT_EMIT_LOC_STRINGS = NO;
				SWIFT_VERSION = 5.0;
				TARGETED_DEVICE_FAMILY = "1,2";
				TEST_TARGET_NAME = Klincong1;
			};
			name = Release;
		};
/* End XCBuildConfiguration section */

/* Begin XCConfigurationList section */
		7226B73F2DC61F4300A85333 /* Build configuration list for PBXProject "Klincong1" */ = {
			isa = XCConfigurationList;
			buildConfigurations = (
				7226B7662DC61F4400A85333 /* Debug */,
				7226B7672DC61F4400A85333 /* Release */,
			);
			defaultConfigurationIsVisible = 0;
			defaultConfigurationName = Release;
		};
		7226B7682DC61F4400A85333 /* Build configuration list for PBXNativeTarget "Klincong1" */ = {
			isa = XCConfigurationList;
			buildConfigurations = (
				7226B7692DC61F4400A85333 /* Debug */,
				7226B76A2DC61F4400A85333 /* Release */,
			);
			defaultConfigurationIsVisible = 0;
			defaultConfigurationName = Release;
		};
		7226B76B2DC61F4400A85333 /* Build configuration list for PBXNativeTarget "Klincong1Tests" */ = {
			isa = XCConfigurationList;
			buildConfigurations = (
				7226B76C2DC61F4400A85333 /* Debug */,
				7226B76D2DC61F4400A85333 /* Release */,
			);
			defaultConfigurationIsVisible = 0;
			defaultConfigurationName = Release;
		};
		7226B76E2DC61F4400A85333 /* Build configuration list for PBXNativeTarget "Klincong1UITests" */ = {
			isa = XCConfigurationList;
			buildConfigurations = (
				7226B76F2DC61F4400A85333 /* Debug */,
				7226B7702DC61F4400A85333 /* Release */,
			);
			defaultConfigurationIsVisible = 0;
			defaultConfigurationName = Release;
		};
/* End XCConfigurationList section */
	};
	rootObject = 7226B73C2DC61F4300A85333 /* Project object */;
}
